{
  "name": "ajs-platforms-node",
  "version": "1.0.0",
  "lockfileVersion": 1,
  "requires": true,
  "dependencies": {
    "@irlen3/ajs-platforms": {
      "version": "1.0.0",
      "resolved": "https://npm.pkg.github.com/download/@irlen3/ajs-platforms/1.0.0/b25f4dcf5bc8bfc8a76a995a280da3b5dd11cc1c82ebf93037b42fcbd2fd90d2",
      "integrity": "sha512-dS/6etf+/T6iSpbVXTo/fiEXU6EsQpXMO6TptHfCLfrtBVZRDd6J+qfPN5/pdRnFYUybO7KqugZtrEa6kgOE7A=="
    }
  }
}
